
Microsoft Visual Studio Solution File, Format Version 12.00
# Visual Studio 15
VisualStudioVersion = 15.0.28307.168
MinimumVisualStudioVersion = 10.0.40219.1
Project("{FAE04EC0-301F-11D3-BF4B-00C04F79EFBC}") = "HalloXForms.Android", "HalloXForms\HalloXForms.Android\HalloXForms.Android.csproj", "{43A97A9D-F615-42B6-94D3-8FB195A5A3FA}"
EndProject
Project("{FAE04EC0-301F-11D3-BF4B-00C04F79EFBC}") = "HalloXForms.iOS", "HalloXForms\HalloXForms.iOS\HalloXForms.iOS.csproj", "{1CD9B6DE-BE0C-4072-BA54-B30B0CE13727}"
EndProject
Project("{FAE04EC0-301F-11D3-BF4B-00C04F79EFBC}") = "HalloXForms.UWP", "HalloXForms\HalloXForms.UWP\HalloXForms.UWP.csproj", "{43A21996-9813-4F69-A74D-73B59CA09F04}"
EndProject
Project("{FAE04EC0-301F-11D3-BF4B-00C04F79EFBC}") = "HalloXForms", "HalloXForms\HalloXForms\HalloXForms.csproj", "{9170EF96-D933-41ED-AE57-5A296A53FE00}"
EndProject
Global
	GlobalSection(SolutionConfigurationPlatforms) = preSolution
		Ad-Hoc|Any CPU = Ad-Hoc|Any CPU
		Ad-Hoc|ARM = Ad-Hoc|ARM
		Ad-Hoc|iPhone = Ad-Hoc|iPhone
		Ad-Hoc|iPhoneSimulator = Ad-Hoc|iPhoneSimulator
		Ad-Hoc|x64 = Ad-Hoc|x64
		Ad-Hoc|x86 = Ad-Hoc|x86
		AppStore|Any CPU = AppStore|Any CPU
		AppStore|ARM = AppStore|ARM
		AppStore|iPhone = AppStore|iPhone
		AppStore|iPhoneSimulator = AppStore|iPhoneSimulator
		AppStore|x64 = AppStore|x64
		AppStore|x86 = AppStore|x86
		Debug|Any CPU = Debug|Any CPU
		Debug|ARM = Debug|ARM
		Debug|iPhone = Debug|iPhone
		Debug|iPhoneSimulator = Debug|iPhoneSimulator
		Debug|x64 = Debug|x64
		Debug|x86 = Debug|x86
		Release|Any CPU = Release|Any CPU
		Release|ARM = Release|ARM
		Release|iPhone = Release|iPhone
		Release|iPhoneSimulator = Release|iPhoneSimulator
		Release|x64 = Release|x64
		Release|x86 = Release|x86
	EndGlobalSection
	GlobalSection(ProjectConfigurationPlatforms) = postSolution
		{43A97A9D-F615-42B6-94D3-8FB195A5A3FA}.Ad-Hoc|Any CPU.ActiveCfg = Release|Any CPU
		{43A97A9D-F615-42B6-94D3-8FB195A5A3FA}.Ad-Hoc|Any CPU.Build.0 = Release|Any CPU
		{43A97A9D-F615-42B6-94D3-8FB195A5A3FA}.Ad-Hoc|Any CPU.Deploy.0 = Release|Any CPU
		{43A97A9D-F615-42B6-94D3-8FB195A5A3FA}.Ad-Hoc|ARM.ActiveCfg = Release|Any CPU
		{43A97A9D-F615-42B6-94D3-8FB195A5A3FA}.Ad-Hoc|ARM.Build.0 = Release|Any CPU
		{43A97A9D-F615-42B6-94D3-8FB195A5A3FA}.Ad-Hoc|ARM.Deploy.0 = Release|Any CPU
		{43A97A9D-F615-42B6-94D3-8FB195A5A3FA}.Ad-Hoc|iPhone.ActiveCfg = Release|Any CPU
		{43A97A9D-F615-42B6-94D3-8FB195A5A3FA}.Ad-Hoc|iPhone.Build.0 = Release|Any CPU
		{43A97A9D-F615-42B6-94D3-8FB195A5A3FA}.Ad-Hoc|iPhone.Deploy.0 = Release|Any CPU
		{43A97A9D-F615-42B6-94D3-8FB195A5A3FA}.Ad-Hoc|iPhoneSimulator.ActiveCfg = Release|Any CPU
		{43A97A9D-F615-42B6-94D3-8FB195A5A3FA}.Ad-Hoc|iPhoneSimulator.Build.0 = Release|Any CPU
		{43A97A9D-F615-42B6-94D3-8FB195A5A3FA}.Ad-Hoc|iPhoneSimulator.Deploy.0 = Release|Any CPU
		{43A97A9D-F615-42B6-94D3-8FB195A5A3FA}.Ad-Hoc|x64.ActiveCfg = Release|Any CPU
		{43A97A9D-F615-42B6-94D3-8FB195A5A3FA}.Ad-Hoc|x64.Build.0 = Release|Any CPU
		{43A97A9D-F615-42B6-94D3-8FB195A5A3FA}.Ad-Hoc|x64.Deploy.0 = Release|Any CPU
		{43A97A9D-F615-42B6-94D3-8FB195A5A3FA}.Ad-Hoc|x86.ActiveCfg = Release|Any CPU
		{43A97A9D-F615-42B6-94D3-8FB195A5A3FA}.Ad-Hoc|x86.Build.0 = Release|Any CPU
		{43A97A9D-F615-42B6-94D3-8FB195A5A3FA}.Ad-Hoc|x86.Deploy.0 = Release|Any CPU
		{43A97A9D-F615-42B6-94D3-8FB195A5A3FA}.AppStore|Any CPU.ActiveCfg = Release|Any CPU
		{43A97A9D-F615-42B6-94D3-8FB195A5A3FA}.AppStore|Any CPU.Build.0 = Release|Any CPU
		{43A97A9D-F615-42B6-94D3-8FB195A5A3FA}.AppStore|Any CPU.Deploy.0 = Release|Any CPU
		{43A97A9D-F615-42B6-94D3-8FB195A5A3FA}.AppStore|ARM.ActiveCfg = Release|Any CPU
		{43A97A9D-F615-42B6-94D3-8FB195A5A3FA}.AppStore|ARM.Build.0 = Release|Any CPU
		{43A97A9D-F615-42B6-94D3-8FB195A5A3FA}.AppStore|ARM.Deploy.0 = Release|Any CPU
		{43A97A9D-F615-42B6-94D3-8FB195A5A3FA}.AppStore|iPhone.ActiveCfg = Release|Any CPU
		{43A97A9D-F615-42B6-94D3-8FB195A5A3FA}.AppStore|iPhone.Build.0 = Release|Any CPU
		{43A97A9D-F615-42B6-94D3-8FB195A5A3FA}.AppStore|iPhone.Deploy.0 = Release|Any CPU
		{43A97A9D-F615-42B6-94D3-8FB195A5A3FA}.AppStore|iPhoneSimulator.ActiveCfg = Release|Any CPU
		{43A97A9D-F615-42B6-94D3-8FB195A5A3FA}.AppStore|iPhoneSimulator.Build.0 = Release|Any CPU
		{43A97A9D-F615-42B6-94D3-8FB195A5A3FA}.AppStore|iPhoneSimulator.Deploy.0 = Release|Any CPU
		{43A97A9D-F615-42B6-94D3-8FB195A5A3FA}.AppStore|x64.ActiveCfg = Release|Any CPU
		{43A97A9D-F615-42B6-94D3-8FB195A5A3FA}.AppStore|x64.Build.0 = Release|Any CPU
		{43A97A9D-F615-42B6-94D3-8FB195A5A3FA}.AppStore|x64.Deploy.0 = Release|Any CPU
		{43A97A9D-F615-42B6-94D3-8FB195A5A3FA}.AppStore|x86.ActiveCfg = Release|Any CPU
		{43A97A9D-F615-42B6-94D3-8FB195A5A3FA}.AppStore|x86.Build.0 = Release|Any CPU
		{43A97A9D-F615-42B6-94D3-8FB195A5A3FA}.AppStore|x86.Deploy.0 = Release|Any CPU
		{43A97A9D-F615-42B6-94D3-8FB195A5A3FA}.Debug|Any CPU.ActiveCfg = Debug|Any CPU
		{43A97A9D-F615-42B6-94D3-8FB195A5A3FA}.Debug|Any CPU.Build.0 = Debug|Any CPU
		{43A97A9D-F615-42B6-94D3-8FB195A5A3FA}.Debug|Any CPU.Deploy.0 = Debug|Any CPU
		{43A97A9D-F615-42B6-94D3-8FB195A5A3FA}.Debug|ARM.ActiveCfg = Debug|Any CPU
		{43A97A9D-F615-42B6-94D3-8FB195A5A3FA}.Debug|ARM.Build.0 = Debug|Any CPU
		{43A97A9D-F615-42B6-94D3-8FB195A5A3FA}.Debug|ARM.Deploy.0 = Debug|Any CPU
		{43A97A9D-F615-42B6-94D3-8FB195A5A3FA}.Debug|iPhone.ActiveCfg = Debug|Any CPU
		{43A97A9D-F615-42B6-94D3-8FB195A5A3FA}.Debug|iPhone.Build.0 = Debug|Any CPU
		{43A97A9D-F615-42B6-94D3-8FB195A5A3FA}.Debug|iPhone.Deploy.0 = Debug|Any CPU
		{43A97A9D-F615-42B6-94D3-8FB195A5A3FA}.Debug|iPhoneSimulator.ActiveCfg = Debug|Any CPU
		{43A97A9D-F615-42B6-94D3-8FB195A5A3FA}.Debug|iPhoneSimulator.Build.0 = Debug|Any CPU
		{43A97A9D-F615-42B6-94D3-8FB195A5A3FA}.Debug|iPhoneSimulator.Deploy.0 = Debug|Any CPU
		{43A97A9D-F615-42B6-94D3-8FB195A5A3FA}.Debug|x64.ActiveCfg = Debug|Any CPU
		{43A97A9D-F615-42B6-94D3-8FB195A5A3FA}.Debug|x64.Build.0 = Debug|Any CPU
		{43A97A9D-F615-42B6-94D3-8FB195A5A3FA}.Debug|x64.Deploy.0 = Debug|Any CPU
		{43A97A9D-F615-42B6-94D3-8FB195A5A3FA}.Debug|x86.ActiveCfg = Debug|Any CPU
		{43A97A9D-F615-42B6-94D3-8FB195A5A3FA}.Debug|x86.Build.0 = Debug|Any CPU
		{43A97A9D-F615-42B6-94D3-8FB195A5A3FA}.Debug|x86.Deploy.0 = Debug|Any CPU
		{43A97A9D-F615-42B6-94D3-8FB195A5A3FA}.Release|Any CPU.ActiveCfg = Release|Any CPU
		{43A97A9D-F615-42B6-94D3-8FB195A5A3FA}.Release|Any CPU.Build.0 = Release|Any CPU
		{43A97A9D-F615-42B6-94D3-8FB195A5A3FA}.Release|Any CPU.Deploy.0 = Release|Any CPU
		{43A97A9D-F615-42B6-94D3-8FB195A5A3FA}.Release|ARM.ActiveCfg = Release|Any CPU
		{43A97A9D-F615-42B6-94D3-8FB195A5A3FA}.Release|ARM.Build.0 = Release|Any CPU
		{43A97A9D-F615-42B6-94D3-8FB195A5A3FA}.Release|ARM.Deploy.0 = Release|Any CPU
		{43A97A9D-F615-42B6-94D3-8FB195A5A3FA}.Release|iPhone.ActiveCfg = Release|Any CPU
		{43A97A9D-F615-42B6-94D3-8FB195A5A3FA}.Release|iPhone.Build.0 = Release|Any CPU
		{43A97A9D-F615-42B6-94D3-8FB195A5A3FA}.Release|iPhone.Deploy.0 = Release|Any CPU
		{43A97A9D-F615-42B6-94D3-8FB195A5A3FA}.Release|iPhoneSimulator.ActiveCfg = Release|Any CPU
		{43A97A9D-F615-42B6-94D3-8FB195A5A3FA}.Release|iPhoneSimulator.Build.0 = Release|Any CPU
		{43A97A9D-F615-42B6-94D3-8FB195A5A3FA}.Release|iPhoneSimulator.Deploy.0 = Release|Any CPU
		{43A97A9D-F615-42B6-94D3-8FB195A5A3FA}.Release|x64.ActiveCfg = Release|Any CPU
		{43A97A9D-F615-42B6-94D3-8FB195A5A3FA}.Release|x64.Build.0 = Release|Any CPU
		{43A97A9D-F615-42B6-94D3-8FB195A5A3FA}.Release|x64.Deploy.0 = Release|Any CPU
		{43A97A9D-F615-42B6-94D3-8FB195A5A3FA}.Release|x86.ActiveCfg = Release|Any CPU
		{43A97A9D-F615-42B6-94D3-8FB195A5A3FA}.Release|x86.Build.0 = Release|Any CPU
		{43A97A9D-F615-42B6-94D3-8FB195A5A3FA}.Release|x86.Deploy.0 = Release|Any CPU
		{1CD9B6DE-BE0C-4072-BA54-B30B0CE13727}.Ad-Hoc|Any CPU.ActiveCfg = Ad-Hoc|iPhone
		{1CD9B6DE-BE0C-4072-BA54-B30B0CE13727}.Ad-Hoc|Any CPU.Build.0 = Ad-Hoc|iPhone
		{1CD9B6DE-BE0C-4072-BA54-B30B0CE13727}.Ad-Hoc|Any CPU.Deploy.0 = Ad-Hoc|iPhone
		{1CD9B6DE-BE0C-4072-BA54-B30B0CE13727}.Ad-Hoc|ARM.ActiveCfg = Ad-Hoc|iPhone
		{1CD9B6DE-BE0C-4072-BA54-B30B0CE13727}.Ad-Hoc|ARM.Build.0 = Ad-Hoc|iPhone
		{1CD9B6DE-BE0C-4072-BA54-B30B0CE13727}.Ad-Hoc|ARM.Deploy.0 = Ad-Hoc|iPhone
		{1CD9B6DE-BE0C-4072-BA54-B30B0CE13727}.Ad-Hoc|iPhone.ActiveCfg = Ad-Hoc|iPhone
		{1CD9B6DE-BE0C-4072-BA54-B30B0CE13727}.Ad-Hoc|iPhone.Build.0 = Ad-Hoc|iPhone
		{1CD9B6DE-BE0C-4072-BA54-B30B0CE13727}.Ad-Hoc|iPhone.Deploy.0 = Ad-Hoc|iPhone
		{1CD9B6DE-BE0C-4072-BA54-B30B0CE13727}.Ad-Hoc|iPhoneSimulator.ActiveCfg = Ad-Hoc|iPhoneSimulator
		{1CD9B6DE-BE0C-4072-BA54-B30B0CE13727}.Ad-Hoc|iPhoneSimulator.Build.0 = Ad-Hoc|iPhoneSimulator
		{1CD9B6DE-BE0C-4072-BA54-B30B0CE13727}.Ad-Hoc|iPhoneSimulator.Deploy.0 = Ad-Hoc|iPhoneSimulator
		{1CD9B6DE-BE0C-4072-BA54-B30B0CE13727}.Ad-Hoc|x64.ActiveCfg = Ad-Hoc|iPhone
		{1CD9B6DE-BE0C-4072-BA54-B30B0CE13727}.Ad-Hoc|x64.Build.0 = Ad-Hoc|iPhone
		{1CD9B6DE-BE0C-4072-BA54-B30B0CE13727}.Ad-Hoc|x64.Deploy.0 = Ad-Hoc|iPhone
		{1CD9B6DE-BE0C-4072-BA54-B30B0CE13727}.Ad-Hoc|x86.ActiveCfg = Ad-Hoc|iPhone
		{1CD9B6DE-BE0C-4072-BA54-B30B0CE13727}.Ad-Hoc|x86.Build.0 = Ad-Hoc|iPhone
		{1CD9B6DE-BE0C-4072-BA54-B30B0CE13727}.Ad-Hoc|x86.Deploy.0 = Ad-Hoc|iPhone
		{1CD9B6DE-BE0C-4072-BA54-B30B0CE13727}.AppStore|Any CPU.ActiveCfg = AppStore|iPhone
		{1CD9B6DE-BE0C-4072-BA54-B30B0CE13727}.AppStore|Any CPU.Build.0 = AppStore|iPhone
		{1CD9B6DE-BE0C-4072-BA54-B30B0CE13727}.AppStore|Any CPU.Deploy.0 = AppStore|iPhone
		{1CD9B6DE-BE0C-4072-BA54-B30B0CE13727}.AppStore|ARM.ActiveCfg = AppStore|iPhone
		{1CD9B6DE-BE0C-4072-BA54-B30B0CE13727}.AppStore|ARM.Build.0 = AppStore|iPhone
		{1CD9B6DE-BE0C-4072-BA54-B30B0CE13727}.AppStore|ARM.Deploy.0 = AppStore|iPhone
		{1CD9B6DE-BE0C-4072-BA54-B30B0CE13727}.AppStore|iPhone.ActiveCfg = AppStore|iPhone
		{1CD9B6DE-BE0C-4072-BA54-B30B0CE13727}.AppStore|iPhone.Build.0 = AppStore|iPhone
		{1CD9B6DE-BE0C-4072-BA54-B30B0CE13727}.AppStore|iPhone.Deploy.0 = AppStore|iPhone
		{1CD9B6DE-BE0C-4072-BA54-B30B0CE13727}.AppStore|iPhoneSimulator.ActiveCfg = AppStore|iPhoneSimulator
		{1CD9B6DE-BE0C-4072-BA54-B30B0CE13727}.AppStore|iPhoneSimulator.Build.0 = AppStore|iPhoneSimulator
		{1CD9B6DE-BE0C-4072-BA54-B30B0CE13727}.AppStore|iPhoneSimulator.Deploy.0 = AppStore|iPhoneSimulator
		{1CD9B6DE-BE0C-4072-BA54-B30B0CE13727}.AppStore|x64.ActiveCfg = AppStore|iPhone
		{1CD9B6DE-BE0C-4072-BA54-B30B0CE13727}.AppStore|x64.Build.0 = AppStore|iPhone
		{1CD9B6DE-BE0C-4072-BA54-B30B0CE13727}.AppStore|x64.Deploy.0 = AppStore|iPhone
		{1CD9B6DE-BE0C-4072-BA54-B30B0CE13727}.AppStore|x86.ActiveCfg = AppStore|iPhone
		{1CD9B6DE-BE0C-4072-BA54-B30B0CE13727}.AppStore|x86.Build.0 = AppStore|iPhone
		{1CD9B6DE-BE0C-4072-BA54-B30B0CE13727}.AppStore|x86.Deploy.0 = AppStore|iPhone
		{1CD9B6DE-BE0C-4072-BA54-B30B0CE13727}.Debug|Any CPU.ActiveCfg = Debug|iPhoneSimulator
		{1CD9B6DE-BE0C-4072-BA54-B30B0CE13727}.Debug|Any CPU.Build.0 = Debug|iPhoneSimulator
		{1CD9B6DE-BE0C-4072-BA54-B30B0CE13727}.Debug|Any CPU.Deploy.0 = Debug|iPhoneSimulator
		{1CD9B6DE-BE0C-4072-BA54-B30B0CE13727}.Debug|ARM.ActiveCfg = Debug|iPhone
		{1CD9B6DE-BE0C-4072-BA54-B30B0CE13727}.Debug|ARM.Build.0 = Debug|iPhone
		{1CD9B6DE-BE0C-4072-BA54-B30B0CE13727}.Debug|ARM.Deploy.0 = Debug|iPhone
		{1CD9B6DE-BE0C-4072-BA54-B30B0CE13727}.Debug|iPhone.ActiveCfg = Debug|iPhone
		{1CD9B6DE-BE0C-4072-BA54-B30B0CE13727}.Debug|iPhone.Build.0 = Debug|iPhone
		{1CD9B6DE-BE0C-4072-BA54-B30B0CE13727}.Debug|iPhone.Deploy.0 = Debug|iPhone
		{1CD9B6DE-BE0C-4072-BA54-B30B0CE13727}.Debug|iPhoneSimulator.ActiveCfg = Debug|iPhoneSimulator
		{1CD9B6DE-BE0C-4072-BA54-B30B0CE13727}.Debug|iPhoneSimulator.Build.0 = Debug|iPhoneSimulator
		{1CD9B6DE-BE0C-4072-BA54-B30B0CE13727}.Debug|iPhoneSimulator.Deploy.0 = Debug|iPhoneSimulator
		{1CD9B6DE-BE0C-4072-BA54-B30B0CE13727}.Debug|x64.ActiveCfg = Debug|iPhone
		{1CD9B6DE-BE0C-4072-BA54-B30B0CE13727}.Debug|x64.Build.0 = Debug|iPhone
		{1CD9B6DE-BE0C-4072-BA54-B30B0CE13727}.Debug|x64.Deploy.0 = Debug|iPhone
		{1CD9B6DE-BE0C-4072-BA54-B30B0CE13727}.Debug|x86.ActiveCfg = Debug|iPhone
		{1CD9B6DE-BE0C-4072-BA54-B30B0CE13727}.Debug|x86.Build.0 = Debug|iPhone
		{1CD9B6DE-BE0C-4072-BA54-B30B0CE13727}.Debug|x86.Deploy.0 = Debug|iPhone
		{1CD9B6DE-BE0C-4072-BA54-B30B0CE13727}.Release|Any CPU.ActiveCfg = Release|iPhone
		{1CD9B6DE-BE0C-4072-BA54-B30B0CE13727}.Release|Any CPU.Build.0 = Release|iPhone
		{1CD9B6DE-BE0C-4072-BA54-B30B0CE13727}.Release|Any CPU.Deploy.0 = Release|iPhone
		{1CD9B6DE-BE0C-4072-BA54-B30B0CE13727}.Release|ARM.ActiveCfg = Release|iPhone
		{1CD9B6DE-BE0C-4072-BA54-B30B0CE13727}.Release|ARM.Build.0 = Release|iPhone
		{1CD9B6DE-BE0C-4072-BA54-B30B0CE13727}.Release|ARM.Deploy.0 = Release|iPhone
		{1CD9B6DE-BE0C-4072-BA54-B30B0CE13727}.Release|iPhone.ActiveCfg = Release|iPhone
		{1CD9B6DE-BE0C-4072-BA54-B30B0CE13727}.Release|iPhone.Build.0 = Release|iPhone
		{1CD9B6DE-BE0C-4072-BA54-B30B0CE13727}.Release|iPhone.Deploy.0 = Release|iPhone
		{1CD9B6DE-BE0C-4072-BA54-B30B0CE13727}.Release|iPhoneSimulator.ActiveCfg = Release|iPhoneSimulator
		{1CD9B6DE-BE0C-4072-BA54-B30B0CE13727}.Release|iPhoneSimulator.Build.0 = Release|iPhoneSimulator
		{1CD9B6DE-BE0C-4072-BA54-B30B0CE13727}.Release|iPhoneSimulator.Deploy.0 = Release|iPhoneSimulator
		{1CD9B6DE-BE0C-4072-BA54-B30B0CE13727}.Release|x64.ActiveCfg = Release|iPhone
		{1CD9B6DE-BE0C-4072-BA54-B30B0CE13727}.Release|x64.Build.0 = Release|iPhone
		{1CD9B6DE-BE0C-4072-BA54-B30B0CE13727}.Release|x64.Deploy.0 = Release|iPhone
		{1CD9B6DE-BE0C-4072-BA54-B30B0CE13727}.Release|x86.ActiveCfg = Release|iPhone
		{1CD9B6DE-BE0C-4072-BA54-B30B0CE13727}.Release|x86.Build.0 = Release|iPhone
		{1CD9B6DE-BE0C-4072-BA54-B30B0CE13727}.Release|x86.Deploy.0 = Release|iPhone
		{43A21996-9813-4F69-A74D-73B59CA09F04}.Ad-Hoc|Any CPU.ActiveCfg = Release|x86
		{43A21996-9813-4F69-A74D-73B59CA09F04}.Ad-Hoc|Any CPU.Build.0 = Release|x86
		{43A21996-9813-4F69-A74D-73B59CA09F04}.Ad-Hoc|Any CPU.Deploy.0 = Release|x86
		{43A21996-9813-4F69-A74D-73B59CA09F04}.Ad-Hoc|ARM.ActiveCfg = Release|ARM
		{43A21996-9813-4F69-A74D-73B59CA09F04}.Ad-Hoc|ARM.Build.0 = Release|ARM
		{43A21996-9813-4F69-A74D-73B59CA09F04}.Ad-Hoc|ARM.Deploy.0 = Release|ARM
		{43A21996-9813-4F69-A74D-73B59CA09F04}.Ad-Hoc|iPhone.ActiveCfg = Release|x86
		{43A21996-9813-4F69-A74D-73B59CA09F04}.Ad-Hoc|iPhone.Build.0 = Release|x86
		{43A21996-9813-4F69-A74D-73B59CA09F04}.Ad-Hoc|iPhone.Deploy.0 = Release|x86
		{43A21996-9813-4F69-A74D-73B59CA09F04}.Ad-Hoc|iPhoneSimulator.ActiveCfg = Release|x86
		{43A21996-9813-4F69-A74D-73B59CA09F04}.Ad-Hoc|iPhoneSimulator.Build.0 = Release|x86
		{43A21996-9813-4F69-A74D-73B59CA09F04}.Ad-Hoc|iPhoneSimulator.Deploy.0 = Release|x86
		{43A21996-9813-4F69-A74D-73B59CA09F04}.Ad-Hoc|x64.ActiveCfg = Release|x64
		{43A21996-9813-4F69-A74D-73B59CA09F04}.Ad-Hoc|x64.Build.0 = Release|x64
		{43A21996-9813-4F69-A74D-73B59CA09F04}.Ad-Hoc|x64.Deploy.0 = Release|x64
		{43A21996-9813-4F69-A74D-73B59CA09F04}.Ad-Hoc|x86.ActiveCfg = Release|x86
		{43A21996-9813-4F69-A74D-73B59CA09F04}.Ad-Hoc|x86.Build.0 = Release|x86
		{43A21996-9813-4F69-A74D-73B59CA09F04}.Ad-Hoc|x86.Deploy.0 = Release|x86
		{43A21996-9813-4F69-A74D-73B59CA09F04}.AppStore|Any CPU.ActiveCfg = Release|x86
		{43A21996-9813-4F69-A74D-73B59CA09F04}.AppStore|Any CPU.Build.0 = Release|x86
		{43A21996-9813-4F69-A74D-73B59CA09F04}.AppStore|Any CPU.Deploy.0 = Release|x86
		{43A21996-9813-4F69-A74D-73B59CA09F04}.AppStore|ARM.ActiveCfg = Release|ARM
		{43A21996-9813-4F69-A74D-73B59CA09F04}.AppStore|ARM.Build.0 = Release|ARM
		{43A21996-9813-4F69-A74D-73B59CA09F04}.AppStore|ARM.Deploy.0 = Release|ARM
		{43A21996-9813-4F69-A74D-73B59CA09F04}.AppStore|iPhone.ActiveCfg = Release|x86
		{43A21996-9813-4F69-A74D-73B59CA09F04}.AppStore|iPhone.Build.0 = Release|x86
		{43A21996-9813-4F69-A74D-73B59CA09F04}.AppStore|iPhone.Deploy.0 = Release|x86
		{43A21996-9813-4F69-A74D-73B59CA09F04}.AppStore|iPhoneSimulator.ActiveCfg = Release|x86
		{43A21996-9813-4F69-A74D-73B59CA09F04}.AppStore|iPhoneSimulator.Build.0 = Release|x86
		{43A21996-9813-4F69-A74D-73B59CA09F04}.AppStore|iPhoneSimulator.Deploy.0 = Release|x86
		{43A21996-9813-4F69-A74D-73B59CA09F04}.AppStore|x64.ActiveCfg = Release|x64
		{43A21996-9813-4F69-A74D-73B59CA09F04}.AppStore|x64.Build.0 = Release|x64
		{43A21996-9813-4F69-A74D-73B59CA09F04}.AppStore|x64.Deploy.0 = Release|x64
		{43A21996-9813-4F69-A74D-73B59CA09F04}.AppStore|x86.ActiveCfg = Release|x86
		{43A21996-9813-4F69-A74D-73B59CA09F04}.AppStore|x86.Build.0 = Release|x86
		{43A21996-9813-4F69-A74D-73B59CA09F04}.AppStore|x86.Deploy.0 = Release|x86
		{43A21996-9813-4F69-A74D-73B59CA09F04}.Debug|Any CPU.ActiveCfg = Debug|x86
		{43A21996-9813-4F69-A74D-73B59CA09F04}.Debug|Any CPU.Build.0 = Debug|x86
		{43A21996-9813-4F69-A74D-73B59CA09F04}.Debug|Any CPU.Deploy.0 = Debug|x86
		{43A21996-9813-4F69-A74D-73B59CA09F04}.Debug|ARM.ActiveCfg = Debug|ARM
		{43A21996-9813-4F69-A74D-73B59CA09F04}.Debug|ARM.Build.0 = Debug|ARM
		{43A21996-9813-4F69-A74D-73B59CA09F04}.Debug|ARM.Deploy.0 = Debug|ARM
		{43A21996-9813-4F69-A74D-73B59CA09F04}.Debug|iPhone.ActiveCfg = Debug|x86
		{43A21996-9813-4F69-A74D-73B59CA09F04}.Debug|iPhone.Build.0 = Debug|x86
		{43A21996-9813-4F69-A74D-73B59CA09F04}.Debug|iPhone.Deploy.0 = Debug|x86
		{43A21996-9813-4F69-A74D-73B59CA09F04}.Debug|iPhoneSimulator.ActiveCfg = Debug|x86
		{43A21996-9813-4F69-A74D-73B59CA09F04}.Debug|iPhoneSimulator.Build.0 = Debug|x86
		{43A21996-9813-4F69-A74D-73B59CA09F04}.Debug|iPhoneSimulator.Deploy.0 = Debug|x86
		{43A21996-9813-4F69-A74D-73B59CA09F04}.Debug|x64.ActiveCfg = Debug|x64
		{43A21996-9813-4F69-A74D-73B59CA09F04}.Debug|x64.Build.0 = Debug|x64
		{43A21996-9813-4F69-A74D-73B59CA09F04}.Debug|x64.Deploy.0 = Debug|x64
		{43A21996-9813-4F69-A74D-73B59CA09F04}.Debug|x86.ActiveCfg = Debug|x86
		{43A21996-9813-4F69-A74D-73B59CA09F04}.Debug|x86.Build.0 = Debug|x86
		{43A21996-9813-4F69-A74D-73B59CA09F04}.Debug|x86.Deploy.0 = Debug|x86
		{43A21996-9813-4F69-A74D-73B59CA09F04}.Release|Any CPU.ActiveCfg = Release|x86
		{43A21996-9813-4F69-A74D-73B59CA09F04}.Release|Any CPU.Build.0 = Release|x86
		{43A21996-9813-4F69-A74D-73B59CA09F04}.Release|Any CPU.Deploy.0 = Release|x86
		{43A21996-9813-4F69-A74D-73B59CA09F04}.Release|ARM.ActiveCfg = Release|ARM
		{43A21996-9813-4F69-A74D-73B59CA09F04}.Release|ARM.Build.0 = Release|ARM
		{43A21996-9813-4F69-A74D-73B59CA09F04}.Release|ARM.Deploy.0 = Release|ARM
		{43A21996-9813-4F69-A74D-73B59CA09F04}.Release|iPhone.ActiveCfg = Release|x86
		{43A21996-9813-4F69-A74D-73B59CA09F04}.Release|iPhone.Build.0 = Release|x86
		{43A21996-9813-4F69-A74D-73B59CA09F04}.Release|iPhone.Deploy.0 = Release|x86
		{43A21996-9813-4F69-A74D-73B59CA09F04}.Release|iPhoneSimulator.ActiveCfg = Release|x86
		{43A21996-9813-4F69-A74D-73B59CA09F04}.Release|iPhoneSimulator.Build.0 = Release|x86
		{43A21996-9813-4F69-A74D-73B59CA09F04}.Release|iPhoneSimulator.Deploy.0 = Release|x86
		{43A21996-9813-4F69-A74D-73B59CA09F04}.Release|x64.ActiveCfg = Release|x64
		{43A21996-9813-4F69-A74D-73B59CA09F04}.Release|x64.Build.0 = Release|x64
		{43A21996-9813-4F69-A74D-73B59CA09F04}.Release|x64.Deploy.0 = Release|x64
		{43A21996-9813-4F69-A74D-73B59CA09F04}.Release|x86.ActiveCfg = Release|x86
		{43A21996-9813-4F69-A74D-73B59CA09F04}.Release|x86.Build.0 = Release|x86
		{43A21996-9813-4F69-A74D-73B59CA09F04}.Release|x86.Deploy.0 = Release|x86
		{9170EF96-D933-41ED-AE57-5A296A53FE00}.Ad-Hoc|Any CPU.ActiveCfg = Debug|Any CPU
		{9170EF96-D933-41ED-AE57-5A296A53FE00}.Ad-Hoc|Any CPU.Build.0 = Debug|Any CPU
		{9170EF96-D933-41ED-AE57-5A296A53FE00}.Ad-Hoc|Any CPU.Deploy.0 = Debug|Any CPU
		{9170EF96-D933-41ED-AE57-5A296A53FE00}.Ad-Hoc|ARM.ActiveCfg = Debug|Any CPU
		{9170EF96-D933-41ED-AE57-5A296A53FE00}.Ad-Hoc|ARM.Build.0 = Debug|Any CPU
		{9170EF96-D933-41ED-AE57-5A296A53FE00}.Ad-Hoc|ARM.Deploy.0 = Debug|Any CPU
		{9170EF96-D933-41ED-AE57-5A296A53FE00}.Ad-Hoc|iPhone.ActiveCfg = Debug|Any CPU
		{9170EF96-D933-41ED-AE57-5A296A53FE00}.Ad-Hoc|iPhone.Build.0 = Debug|Any CPU
		{9170EF96-D933-41ED-AE57-5A296A53FE00}.Ad-Hoc|iPhone.Deploy.0 = Debug|Any CPU
		{9170EF96-D933-41ED-AE57-5A296A53FE00}.Ad-Hoc|iPhoneSimulator.ActiveCfg = Debug|Any CPU
		{9170EF96-D933-41ED-AE57-5A296A53FE00}.Ad-Hoc|iPhoneSimulator.Build.0 = Debug|Any CPU
		{9170EF96-D933-41ED-AE57-5A296A53FE00}.Ad-Hoc|iPhoneSimulator.Deploy.0 = Debug|Any CPU
		{9170EF96-D933-41ED-AE57-5A296A53FE00}.Ad-Hoc|x64.ActiveCfg = Debug|Any CPU
		{9170EF96-D933-41ED-AE57-5A296A53FE00}.Ad-Hoc|x64.Build.0 = Debug|Any CPU
		{9170EF96-D933-41ED-AE57-5A296A53FE00}.Ad-Hoc|x64.Deploy.0 = Debug|Any CPU
		{9170EF96-D933-41ED-AE57-5A296A53FE00}.Ad-Hoc|x86.ActiveCfg = Debug|Any CPU
		{9170EF96-D933-41ED-AE57-5A296A53FE00}.Ad-Hoc|x86.Build.0 = Debug|Any CPU
		{9170EF96-D933-41ED-AE57-5A296A53FE00}.Ad-Hoc|x86.Deploy.0 = Debug|Any CPU
		{9170EF96-D933-41ED-AE57-5A296A53FE00}.AppStore|Any CPU.ActiveCfg = Debug|Any CPU
		{9170EF96-D933-41ED-AE57-5A296A53FE00}.AppStore|Any CPU.Build.0 = Debug|Any CPU
		{9170EF96-D933-41ED-AE57-5A296A53FE00}.AppStore|Any CPU.Deploy.0 = Debug|Any CPU
		{9170EF96-D933-41ED-AE57-5A296A53FE00}.AppStore|ARM.ActiveCfg = Debug|Any CPU
		{9170EF96-D933-41ED-AE57-5A296A53FE00}.AppStore|ARM.Build.0 = Debug|Any CPU
		{9170EF96-D933-41ED-AE57-5A296A53FE00}.AppStore|ARM.Deploy.0 = Debug|Any CPU
		{9170EF96-D933-41ED-AE57-5A296A53FE00}.AppStore|iPhone.ActiveCfg = Debug|Any CPU
		{9170EF96-D933-41ED-AE57-5A296A53FE00}.AppStore|iPhone.Build.0 = Debug|Any CPU
		{9170EF96-D933-41ED-AE57-5A296A53FE00}.AppStore|iPhone.Deploy.0 = Debug|Any CPU
		{9170EF96-D933-41ED-AE57-5A296A53FE00}.AppStore|iPhoneSimulator.ActiveCfg = Debug|Any CPU
		{9170EF96-D933-41ED-AE57-5A296A53FE00}.AppStore|iPhoneSimulator.Build.0 = Debug|Any CPU
		{9170EF96-D933-41ED-AE57-5A296A53FE00}.AppStore|iPhoneSimulator.Deploy.0 = Debug|Any CPU
		{9170EF96-D933-41ED-AE57-5A296A53FE00}.AppStore|x64.ActiveCfg = Debug|Any CPU
		{9170EF96-D933-41ED-AE57-5A296A53FE00}.AppStore|x64.Build.0 = Debug|Any CPU
		{9170EF96-D933-41ED-AE57-5A296A53FE00}.AppStore|x64.Deploy.0 = Debug|Any CPU
		{9170EF96-D933-41ED-AE57-5A296A53FE00}.AppStore|x86.ActiveCfg = Debug|Any CPU
		{9170EF96-D933-41ED-AE57-5A296A53FE00}.AppStore|x86.Build.0 = Debug|Any CPU
		{9170EF96-D933-41ED-AE57-5A296A53FE00}.AppStore|x86.Deploy.0 = Debug|Any CPU
		{9170EF96-D933-41ED-AE57-5A296A53FE00}.Debug|Any CPU.ActiveCfg = Debug|Any CPU
		{9170EF96-D933-41ED-AE57-5A296A53FE00}.Debug|Any CPU.Build.0 = Debug|Any CPU
		{9170EF96-D933-41ED-AE57-5A296A53FE00}.Debug|Any CPU.Deploy.0 = Debug|Any CPU
		{9170EF96-D933-41ED-AE57-5A296A53FE00}.Debug|ARM.ActiveCfg = Debug|Any CPU
		{9170EF96-D933-41ED-AE57-5A296A53FE00}.Debug|ARM.Build.0 = Debug|Any CPU
		{9170EF96-D933-41ED-AE57-5A296A53FE00}.Debug|ARM.Deploy.0 = Debug|Any CPU
		{9170EF96-D933-41ED-AE57-5A296A53FE00}.Debug|iPhone.ActiveCfg = Debug|Any CPU
		{9170EF96-D933-41ED-AE57-5A296A53FE00}.Debug|iPhone.Build.0 = Debug|Any CPU
		{9170EF96-D933-41ED-AE57-5A296A53FE00}.Debug|iPhone.Deploy.0 = Debug|Any CPU
		{9170EF96-D933-41ED-AE57-5A296A53FE00}.Debug|iPhoneSimulator.ActiveCfg = Debug|Any CPU
		{9170EF96-D933-41ED-AE57-5A296A53FE00}.Debug|iPhoneSimulator.Build.0 = Debug|Any CPU
		{9170EF96-D933-41ED-AE57-5A296A53FE00}.Debug|iPhoneSimulator.Deploy.0 = Debug|Any CPU
		{9170EF96-D933-41ED-AE57-5A296A53FE00}.Debug|x64.ActiveCfg = Debug|Any CPU
		{9170EF96-D933-41ED-AE57-5A296A53FE00}.Debug|x64.Build.0 = Debug|Any CPU
		{9170EF96-D933-41ED-AE57-5A296A53FE00}.Debug|x64.Deploy.0 = Debug|Any CPU
		{9170EF96-D933-41ED-AE57-5A296A53FE00}.Debug|x86.ActiveCfg = Debug|Any CPU
		{9170EF96-D933-41ED-AE57-5A296A53FE00}.Debug|x86.Build.0 = Debug|Any CPU
		{9170EF96-D933-41ED-AE57-5A296A53FE00}.Debug|x86.Deploy.0 = Debug|Any CPU
		{9170EF96-D933-41ED-AE57-5A296A53FE00}.Release|Any CPU.ActiveCfg = Release|Any CPU
		{9170EF96-D933-41ED-AE57-5A296A53FE00}.Release|Any CPU.Build.0 = Release|Any CPU
		{9170EF96-D933-41ED-AE57-5A296A53FE00}.Release|Any CPU.Deploy.0 = Release|Any CPU
		{9170EF96-D933-41ED-AE57-5A296A53FE00}.Release|ARM.ActiveCfg = Release|Any CPU
		{9170EF96-D933-41ED-AE57-5A296A53FE00}.Release|ARM.Build.0 = Release|Any CPU
		{9170EF96-D933-41ED-AE57-5A296A53FE00}.Release|ARM.Deploy.0 = Release|Any CPU
		{9170EF96-D933-41ED-AE57-5A296A53FE00}.Release|iPhone.ActiveCfg = Release|Any CPU
		{9170EF96-D933-41ED-AE57-5A296A53FE00}.Release|iPhone.Build.0 = Release|Any CPU
		{9170EF96-D933-41ED-AE57-5A296A53FE00}.Release|iPhone.Deploy.0 = Release|Any CPU
		{9170EF96-D933-41ED-AE57-5A296A53FE00}.Release|iPhoneSimulator.ActiveCfg = Release|Any CPU
		{9170EF96-D933-41ED-AE57-5A296A53FE00}.Release|iPhoneSimulator.Build.0 = Release|Any CPU
		{9170EF96-D933-41ED-AE57-5A296A53FE00}.Release|iPhoneSimulator.Deploy.0 = Release|Any CPU
		{9170EF96-D933-41ED-AE57-5A296A53FE00}.Release|x64.ActiveCfg = Release|Any CPU
		{9170EF96-D933-41ED-AE57-5A296A53FE00}.Release|x64.Build.0 = Release|Any CPU
		{9170EF96-D933-41ED-AE57-5A296A53FE00}.Release|x64.Deploy.0 = Release|Any CPU
		{9170EF96-D933-41ED-AE57-5A296A53FE00}.Release|x86.ActiveCfg = Release|Any CPU
		{9170EF96-D933-41ED-AE57-5A296A53FE00}.Release|x86.Build.0 = Release|Any CPU
		{9170EF96-D933-41ED-AE57-5A296A53FE00}.Release|x86.Deploy.0 = Release|Any CPU
	EndGlobalSection
	GlobalSection(SolutionProperties) = preSolution
		HideSolutionNode = FALSE
	EndGlobalSection
	GlobalSection(ExtensibilityGlobals) = postSolution
		SolutionGuid = {0C653790-6653-4139-8904-3BC47DF62BA7}
	EndGlobalSection
EndGlobal
