
Microsoft Visual Studio Solution File, Format Version 12.00
# Visual Studio 15
VisualStudioVersion = 15.0.28307.168
MinimumVisualStudioVersion = 10.0.40219.1
Project("{FAE04EC0-301F-11D3-BF4B-00C04F79EFBC}") = "RessourcenUndStyles.Android", "RessourcenUndStyles\RessourcenUndStyles.Android\RessourcenUndStyles.Android.csproj", "{6AB8B38B-905F-4B01-A13B-6576E260A76C}"
EndProject
Project("{FAE04EC0-301F-11D3-BF4B-00C04F79EFBC}") = "RessourcenUndStyles.iOS", "RessourcenUndStyles\RessourcenUndStyles.iOS\RessourcenUndStyles.iOS.csproj", "{A44DFF65-82D0-4552-8756-948A4251326C}"
EndProject
Project("{FAE04EC0-301F-11D3-BF4B-00C04F79EFBC}") = "RessourcenUndStyles.UWP", "RessourcenUndStyles\RessourcenUndStyles.UWP\RessourcenUndStyles.UWP.csproj", "{7E26A7D2-FC69-46E4-B821-62F55694D27E}"
EndProject
Project("{FAE04EC0-301F-11D3-BF4B-00C04F79EFBC}") = "RessourcenUndStyles", "RessourcenUndStyles\RessourcenUndStyles\RessourcenUndStyles.csproj", "{87333A79-6B2D-412C-9DF4-DCAEA2D4379C}"
EndProject
Global
	GlobalSection(SolutionConfigurationPlatforms) = preSolution
		Ad-Hoc|Any CPU = Ad-Hoc|Any CPU
		Ad-Hoc|ARM = Ad-Hoc|ARM
		Ad-Hoc|iPhone = Ad-Hoc|iPhone
		Ad-Hoc|iPhoneSimulator = Ad-Hoc|iPhoneSimulator
		Ad-Hoc|x64 = Ad-Hoc|x64
		Ad-Hoc|x86 = Ad-Hoc|x86
		AppStore|Any CPU = AppStore|Any CPU
		AppStore|ARM = AppStore|ARM
		AppStore|iPhone = AppStore|iPhone
		AppStore|iPhoneSimulator = AppStore|iPhoneSimulator
		AppStore|x64 = AppStore|x64
		AppStore|x86 = AppStore|x86
		Debug|Any CPU = Debug|Any CPU
		Debug|ARM = Debug|ARM
		Debug|iPhone = Debug|iPhone
		Debug|iPhoneSimulator = Debug|iPhoneSimulator
		Debug|x64 = Debug|x64
		Debug|x86 = Debug|x86
		Release|Any CPU = Release|Any CPU
		Release|ARM = Release|ARM
		Release|iPhone = Release|iPhone
		Release|iPhoneSimulator = Release|iPhoneSimulator
		Release|x64 = Release|x64
		Release|x86 = Release|x86
	EndGlobalSection
	GlobalSection(ProjectConfigurationPlatforms) = postSolution
		{6AB8B38B-905F-4B01-A13B-6576E260A76C}.Ad-Hoc|Any CPU.ActiveCfg = Release|Any CPU
		{6AB8B38B-905F-4B01-A13B-6576E260A76C}.Ad-Hoc|Any CPU.Build.0 = Release|Any CPU
		{6AB8B38B-905F-4B01-A13B-6576E260A76C}.Ad-Hoc|Any CPU.Deploy.0 = Release|Any CPU
		{6AB8B38B-905F-4B01-A13B-6576E260A76C}.Ad-Hoc|ARM.ActiveCfg = Release|Any CPU
		{6AB8B38B-905F-4B01-A13B-6576E260A76C}.Ad-Hoc|ARM.Build.0 = Release|Any CPU
		{6AB8B38B-905F-4B01-A13B-6576E260A76C}.Ad-Hoc|ARM.Deploy.0 = Release|Any CPU
		{6AB8B38B-905F-4B01-A13B-6576E260A76C}.Ad-Hoc|iPhone.ActiveCfg = Release|Any CPU
		{6AB8B38B-905F-4B01-A13B-6576E260A76C}.Ad-Hoc|iPhone.Build.0 = Release|Any CPU
		{6AB8B38B-905F-4B01-A13B-6576E260A76C}.Ad-Hoc|iPhone.Deploy.0 = Release|Any CPU
		{6AB8B38B-905F-4B01-A13B-6576E260A76C}.Ad-Hoc|iPhoneSimulator.ActiveCfg = Release|Any CPU
		{6AB8B38B-905F-4B01-A13B-6576E260A76C}.Ad-Hoc|iPhoneSimulator.Build.0 = Release|Any CPU
		{6AB8B38B-905F-4B01-A13B-6576E260A76C}.Ad-Hoc|iPhoneSimulator.Deploy.0 = Release|Any CPU
		{6AB8B38B-905F-4B01-A13B-6576E260A76C}.Ad-Hoc|x64.ActiveCfg = Release|Any CPU
		{6AB8B38B-905F-4B01-A13B-6576E260A76C}.Ad-Hoc|x64.Build.0 = Release|Any CPU
		{6AB8B38B-905F-4B01-A13B-6576E260A76C}.Ad-Hoc|x64.Deploy.0 = Release|Any CPU
		{6AB8B38B-905F-4B01-A13B-6576E260A76C}.Ad-Hoc|x86.ActiveCfg = Release|Any CPU
		{6AB8B38B-905F-4B01-A13B-6576E260A76C}.Ad-Hoc|x86.Build.0 = Release|Any CPU
		{6AB8B38B-905F-4B01-A13B-6576E260A76C}.Ad-Hoc|x86.Deploy.0 = Release|Any CPU
		{6AB8B38B-905F-4B01-A13B-6576E260A76C}.AppStore|Any CPU.ActiveCfg = Release|Any CPU
		{6AB8B38B-905F-4B01-A13B-6576E260A76C}.AppStore|Any CPU.Build.0 = Release|Any CPU
		{6AB8B38B-905F-4B01-A13B-6576E260A76C}.AppStore|Any CPU.Deploy.0 = Release|Any CPU
		{6AB8B38B-905F-4B01-A13B-6576E260A76C}.AppStore|ARM.ActiveCfg = Release|Any CPU
		{6AB8B38B-905F-4B01-A13B-6576E260A76C}.AppStore|ARM.Build.0 = Release|Any CPU
		{6AB8B38B-905F-4B01-A13B-6576E260A76C}.AppStore|ARM.Deploy.0 = Release|Any CPU
		{6AB8B38B-905F-4B01-A13B-6576E260A76C}.AppStore|iPhone.ActiveCfg = Release|Any CPU
		{6AB8B38B-905F-4B01-A13B-6576E260A76C}.AppStore|iPhone.Build.0 = Release|Any CPU
		{6AB8B38B-905F-4B01-A13B-6576E260A76C}.AppStore|iPhone.Deploy.0 = Release|Any CPU
		{6AB8B38B-905F-4B01-A13B-6576E260A76C}.AppStore|iPhoneSimulator.ActiveCfg = Release|Any CPU
		{6AB8B38B-905F-4B01-A13B-6576E260A76C}.AppStore|iPhoneSimulator.Build.0 = Release|Any CPU
		{6AB8B38B-905F-4B01-A13B-6576E260A76C}.AppStore|iPhoneSimulator.Deploy.0 = Release|Any CPU
		{6AB8B38B-905F-4B01-A13B-6576E260A76C}.AppStore|x64.ActiveCfg = Release|Any CPU
		{6AB8B38B-905F-4B01-A13B-6576E260A76C}.AppStore|x64.Build.0 = Release|Any CPU
		{6AB8B38B-905F-4B01-A13B-6576E260A76C}.AppStore|x64.Deploy.0 = Release|Any CPU
		{6AB8B38B-905F-4B01-A13B-6576E260A76C}.AppStore|x86.ActiveCfg = Release|Any CPU
		{6AB8B38B-905F-4B01-A13B-6576E260A76C}.AppStore|x86.Build.0 = Release|Any CPU
		{6AB8B38B-905F-4B01-A13B-6576E260A76C}.AppStore|x86.Deploy.0 = Release|Any CPU
		{6AB8B38B-905F-4B01-A13B-6576E260A76C}.Debug|Any CPU.ActiveCfg = Debug|Any CPU
		{6AB8B38B-905F-4B01-A13B-6576E260A76C}.Debug|Any CPU.Build.0 = Debug|Any CPU
		{6AB8B38B-905F-4B01-A13B-6576E260A76C}.Debug|Any CPU.Deploy.0 = Debug|Any CPU
		{6AB8B38B-905F-4B01-A13B-6576E260A76C}.Debug|ARM.ActiveCfg = Debug|Any CPU
		{6AB8B38B-905F-4B01-A13B-6576E260A76C}.Debug|ARM.Build.0 = Debug|Any CPU
		{6AB8B38B-905F-4B01-A13B-6576E260A76C}.Debug|ARM.Deploy.0 = Debug|Any CPU
		{6AB8B38B-905F-4B01-A13B-6576E260A76C}.Debug|iPhone.ActiveCfg = Debug|Any CPU
		{6AB8B38B-905F-4B01-A13B-6576E260A76C}.Debug|iPhone.Build.0 = Debug|Any CPU
		{6AB8B38B-905F-4B01-A13B-6576E260A76C}.Debug|iPhone.Deploy.0 = Debug|Any CPU
		{6AB8B38B-905F-4B01-A13B-6576E260A76C}.Debug|iPhoneSimulator.ActiveCfg = Debug|Any CPU
		{6AB8B38B-905F-4B01-A13B-6576E260A76C}.Debug|iPhoneSimulator.Build.0 = Debug|Any CPU
		{6AB8B38B-905F-4B01-A13B-6576E260A76C}.Debug|iPhoneSimulator.Deploy.0 = Debug|Any CPU
		{6AB8B38B-905F-4B01-A13B-6576E260A76C}.Debug|x64.ActiveCfg = Debug|Any CPU
		{6AB8B38B-905F-4B01-A13B-6576E260A76C}.Debug|x64.Build.0 = Debug|Any CPU
		{6AB8B38B-905F-4B01-A13B-6576E260A76C}.Debug|x64.Deploy.0 = Debug|Any CPU
		{6AB8B38B-905F-4B01-A13B-6576E260A76C}.Debug|x86.ActiveCfg = Debug|Any CPU
		{6AB8B38B-905F-4B01-A13B-6576E260A76C}.Debug|x86.Build.0 = Debug|Any CPU
		{6AB8B38B-905F-4B01-A13B-6576E260A76C}.Debug|x86.Deploy.0 = Debug|Any CPU
		{6AB8B38B-905F-4B01-A13B-6576E260A76C}.Release|Any CPU.ActiveCfg = Release|Any CPU
		{6AB8B38B-905F-4B01-A13B-6576E260A76C}.Release|Any CPU.Build.0 = Release|Any CPU
		{6AB8B38B-905F-4B01-A13B-6576E260A76C}.Release|Any CPU.Deploy.0 = Release|Any CPU
		{6AB8B38B-905F-4B01-A13B-6576E260A76C}.Release|ARM.ActiveCfg = Release|Any CPU
		{6AB8B38B-905F-4B01-A13B-6576E260A76C}.Release|ARM.Build.0 = Release|Any CPU
		{6AB8B38B-905F-4B01-A13B-6576E260A76C}.Release|ARM.Deploy.0 = Release|Any CPU
		{6AB8B38B-905F-4B01-A13B-6576E260A76C}.Release|iPhone.ActiveCfg = Release|Any CPU
		{6AB8B38B-905F-4B01-A13B-6576E260A76C}.Release|iPhone.Build.0 = Release|Any CPU
		{6AB8B38B-905F-4B01-A13B-6576E260A76C}.Release|iPhone.Deploy.0 = Release|Any CPU
		{6AB8B38B-905F-4B01-A13B-6576E260A76C}.Release|iPhoneSimulator.ActiveCfg = Release|Any CPU
		{6AB8B38B-905F-4B01-A13B-6576E260A76C}.Release|iPhoneSimulator.Build.0 = Release|Any CPU
		{6AB8B38B-905F-4B01-A13B-6576E260A76C}.Release|iPhoneSimulator.Deploy.0 = Release|Any CPU
		{6AB8B38B-905F-4B01-A13B-6576E260A76C}.Release|x64.ActiveCfg = Release|Any CPU
		{6AB8B38B-905F-4B01-A13B-6576E260A76C}.Release|x64.Build.0 = Release|Any CPU
		{6AB8B38B-905F-4B01-A13B-6576E260A76C}.Release|x64.Deploy.0 = Release|Any CPU
		{6AB8B38B-905F-4B01-A13B-6576E260A76C}.Release|x86.ActiveCfg = Release|Any CPU
		{6AB8B38B-905F-4B01-A13B-6576E260A76C}.Release|x86.Build.0 = Release|Any CPU
		{6AB8B38B-905F-4B01-A13B-6576E260A76C}.Release|x86.Deploy.0 = Release|Any CPU
		{A44DFF65-82D0-4552-8756-948A4251326C}.Ad-Hoc|Any CPU.ActiveCfg = Ad-Hoc|iPhone
		{A44DFF65-82D0-4552-8756-948A4251326C}.Ad-Hoc|Any CPU.Build.0 = Ad-Hoc|iPhone
		{A44DFF65-82D0-4552-8756-948A4251326C}.Ad-Hoc|Any CPU.Deploy.0 = Ad-Hoc|iPhone
		{A44DFF65-82D0-4552-8756-948A4251326C}.Ad-Hoc|ARM.ActiveCfg = Ad-Hoc|iPhone
		{A44DFF65-82D0-4552-8756-948A4251326C}.Ad-Hoc|ARM.Build.0 = Ad-Hoc|iPhone
		{A44DFF65-82D0-4552-8756-948A4251326C}.Ad-Hoc|ARM.Deploy.0 = Ad-Hoc|iPhone
		{A44DFF65-82D0-4552-8756-948A4251326C}.Ad-Hoc|iPhone.ActiveCfg = Ad-Hoc|iPhone
		{A44DFF65-82D0-4552-8756-948A4251326C}.Ad-Hoc|iPhone.Build.0 = Ad-Hoc|iPhone
		{A44DFF65-82D0-4552-8756-948A4251326C}.Ad-Hoc|iPhone.Deploy.0 = Ad-Hoc|iPhone
		{A44DFF65-82D0-4552-8756-948A4251326C}.Ad-Hoc|iPhoneSimulator.ActiveCfg = Ad-Hoc|iPhoneSimulator
		{A44DFF65-82D0-4552-8756-948A4251326C}.Ad-Hoc|iPhoneSimulator.Build.0 = Ad-Hoc|iPhoneSimulator
		{A44DFF65-82D0-4552-8756-948A4251326C}.Ad-Hoc|iPhoneSimulator.Deploy.0 = Ad-Hoc|iPhoneSimulator
		{A44DFF65-82D0-4552-8756-948A4251326C}.Ad-Hoc|x64.ActiveCfg = Ad-Hoc|iPhone
		{A44DFF65-82D0-4552-8756-948A4251326C}.Ad-Hoc|x64.Build.0 = Ad-Hoc|iPhone
		{A44DFF65-82D0-4552-8756-948A4251326C}.Ad-Hoc|x64.Deploy.0 = Ad-Hoc|iPhone
		{A44DFF65-82D0-4552-8756-948A4251326C}.Ad-Hoc|x86.ActiveCfg = Ad-Hoc|iPhone
		{A44DFF65-82D0-4552-8756-948A4251326C}.Ad-Hoc|x86.Build.0 = Ad-Hoc|iPhone
		{A44DFF65-82D0-4552-8756-948A4251326C}.Ad-Hoc|x86.Deploy.0 = Ad-Hoc|iPhone
		{A44DFF65-82D0-4552-8756-948A4251326C}.AppStore|Any CPU.ActiveCfg = AppStore|iPhone
		{A44DFF65-82D0-4552-8756-948A4251326C}.AppStore|Any CPU.Build.0 = AppStore|iPhone
		{A44DFF65-82D0-4552-8756-948A4251326C}.AppStore|Any CPU.Deploy.0 = AppStore|iPhone
		{A44DFF65-82D0-4552-8756-948A4251326C}.AppStore|ARM.ActiveCfg = AppStore|iPhone
		{A44DFF65-82D0-4552-8756-948A4251326C}.AppStore|ARM.Build.0 = AppStore|iPhone
		{A44DFF65-82D0-4552-8756-948A4251326C}.AppStore|ARM.Deploy.0 = AppStore|iPhone
		{A44DFF65-82D0-4552-8756-948A4251326C}.AppStore|iPhone.ActiveCfg = AppStore|iPhone
		{A44DFF65-82D0-4552-8756-948A4251326C}.AppStore|iPhone.Build.0 = AppStore|iPhone
		{A44DFF65-82D0-4552-8756-948A4251326C}.AppStore|iPhone.Deploy.0 = AppStore|iPhone
		{A44DFF65-82D0-4552-8756-948A4251326C}.AppStore|iPhoneSimulator.ActiveCfg = AppStore|iPhoneSimulator
		{A44DFF65-82D0-4552-8756-948A4251326C}.AppStore|iPhoneSimulator.Build.0 = AppStore|iPhoneSimulator
		{A44DFF65-82D0-4552-8756-948A4251326C}.AppStore|iPhoneSimulator.Deploy.0 = AppStore|iPhoneSimulator
		{A44DFF65-82D0-4552-8756-948A4251326C}.AppStore|x64.ActiveCfg = AppStore|iPhone
		{A44DFF65-82D0-4552-8756-948A4251326C}.AppStore|x64.Build.0 = AppStore|iPhone
		{A44DFF65-82D0-4552-8756-948A4251326C}.AppStore|x64.Deploy.0 = AppStore|iPhone
		{A44DFF65-82D0-4552-8756-948A4251326C}.AppStore|x86.ActiveCfg = AppStore|iPhone
		{A44DFF65-82D0-4552-8756-948A4251326C}.AppStore|x86.Build.0 = AppStore|iPhone
		{A44DFF65-82D0-4552-8756-948A4251326C}.AppStore|x86.Deploy.0 = AppStore|iPhone
		{A44DFF65-82D0-4552-8756-948A4251326C}.Debug|Any CPU.ActiveCfg = Debug|iPhoneSimulator
		{A44DFF65-82D0-4552-8756-948A4251326C}.Debug|Any CPU.Build.0 = Debug|iPhoneSimulator
		{A44DFF65-82D0-4552-8756-948A4251326C}.Debug|Any CPU.Deploy.0 = Debug|iPhoneSimulator
		{A44DFF65-82D0-4552-8756-948A4251326C}.Debug|ARM.ActiveCfg = Debug|iPhone
		{A44DFF65-82D0-4552-8756-948A4251326C}.Debug|ARM.Build.0 = Debug|iPhone
		{A44DFF65-82D0-4552-8756-948A4251326C}.Debug|ARM.Deploy.0 = Debug|iPhone
		{A44DFF65-82D0-4552-8756-948A4251326C}.Debug|iPhone.ActiveCfg = Debug|iPhone
		{A44DFF65-82D0-4552-8756-948A4251326C}.Debug|iPhone.Build.0 = Debug|iPhone
		{A44DFF65-82D0-4552-8756-948A4251326C}.Debug|iPhone.Deploy.0 = Debug|iPhone
		{A44DFF65-82D0-4552-8756-948A4251326C}.Debug|iPhoneSimulator.ActiveCfg = Debug|iPhoneSimulator
		{A44DFF65-82D0-4552-8756-948A4251326C}.Debug|iPhoneSimulator.Build.0 = Debug|iPhoneSimulator
		{A44DFF65-82D0-4552-8756-948A4251326C}.Debug|iPhoneSimulator.Deploy.0 = Debug|iPhoneSimulator
		{A44DFF65-82D0-4552-8756-948A4251326C}.Debug|x64.ActiveCfg = Debug|iPhone
		{A44DFF65-82D0-4552-8756-948A4251326C}.Debug|x64.Build.0 = Debug|iPhone
		{A44DFF65-82D0-4552-8756-948A4251326C}.Debug|x64.Deploy.0 = Debug|iPhone
		{A44DFF65-82D0-4552-8756-948A4251326C}.Debug|x86.ActiveCfg = Debug|iPhone
		{A44DFF65-82D0-4552-8756-948A4251326C}.Debug|x86.Build.0 = Debug|iPhone
		{A44DFF65-82D0-4552-8756-948A4251326C}.Debug|x86.Deploy.0 = Debug|iPhone
		{A44DFF65-82D0-4552-8756-948A4251326C}.Release|Any CPU.ActiveCfg = Release|iPhone
		{A44DFF65-82D0-4552-8756-948A4251326C}.Release|Any CPU.Build.0 = Release|iPhone
		{A44DFF65-82D0-4552-8756-948A4251326C}.Release|Any CPU.Deploy.0 = Release|iPhone
		{A44DFF65-82D0-4552-8756-948A4251326C}.Release|ARM.ActiveCfg = Release|iPhone
		{A44DFF65-82D0-4552-8756-948A4251326C}.Release|ARM.Build.0 = Release|iPhone
		{A44DFF65-82D0-4552-8756-948A4251326C}.Release|ARM.Deploy.0 = Release|iPhone
		{A44DFF65-82D0-4552-8756-948A4251326C}.Release|iPhone.ActiveCfg = Release|iPhone
		{A44DFF65-82D0-4552-8756-948A4251326C}.Release|iPhone.Build.0 = Release|iPhone
		{A44DFF65-82D0-4552-8756-948A4251326C}.Release|iPhone.Deploy.0 = Release|iPhone
		{A44DFF65-82D0-4552-8756-948A4251326C}.Release|iPhoneSimulator.ActiveCfg = Release|iPhoneSimulator
		{A44DFF65-82D0-4552-8756-948A4251326C}.Release|iPhoneSimulator.Build.0 = Release|iPhoneSimulator
		{A44DFF65-82D0-4552-8756-948A4251326C}.Release|iPhoneSimulator.Deploy.0 = Release|iPhoneSimulator
		{A44DFF65-82D0-4552-8756-948A4251326C}.Release|x64.ActiveCfg = Release|iPhone
		{A44DFF65-82D0-4552-8756-948A4251326C}.Release|x64.Build.0 = Release|iPhone
		{A44DFF65-82D0-4552-8756-948A4251326C}.Release|x64.Deploy.0 = Release|iPhone
		{A44DFF65-82D0-4552-8756-948A4251326C}.Release|x86.ActiveCfg = Release|iPhone
		{A44DFF65-82D0-4552-8756-948A4251326C}.Release|x86.Build.0 = Release|iPhone
		{A44DFF65-82D0-4552-8756-948A4251326C}.Release|x86.Deploy.0 = Release|iPhone
		{7E26A7D2-FC69-46E4-B821-62F55694D27E}.Ad-Hoc|Any CPU.ActiveCfg = Release|x86
		{7E26A7D2-FC69-46E4-B821-62F55694D27E}.Ad-Hoc|Any CPU.Build.0 = Release|x86
		{7E26A7D2-FC69-46E4-B821-62F55694D27E}.Ad-Hoc|Any CPU.Deploy.0 = Release|x86
		{7E26A7D2-FC69-46E4-B821-62F55694D27E}.Ad-Hoc|ARM.ActiveCfg = Release|ARM
		{7E26A7D2-FC69-46E4-B821-62F55694D27E}.Ad-Hoc|ARM.Build.0 = Release|ARM
		{7E26A7D2-FC69-46E4-B821-62F55694D27E}.Ad-Hoc|ARM.Deploy.0 = Release|ARM
		{7E26A7D2-FC69-46E4-B821-62F55694D27E}.Ad-Hoc|iPhone.ActiveCfg = Release|x86
		{7E26A7D2-FC69-46E4-B821-62F55694D27E}.Ad-Hoc|iPhone.Build.0 = Release|x86
		{7E26A7D2-FC69-46E4-B821-62F55694D27E}.Ad-Hoc|iPhone.Deploy.0 = Release|x86
		{7E26A7D2-FC69-46E4-B821-62F55694D27E}.Ad-Hoc|iPhoneSimulator.ActiveCfg = Release|x86
		{7E26A7D2-FC69-46E4-B821-62F55694D27E}.Ad-Hoc|iPhoneSimulator.Build.0 = Release|x86
		{7E26A7D2-FC69-46E4-B821-62F55694D27E}.Ad-Hoc|iPhoneSimulator.Deploy.0 = Release|x86
		{7E26A7D2-FC69-46E4-B821-62F55694D27E}.Ad-Hoc|x64.ActiveCfg = Release|x64
		{7E26A7D2-FC69-46E4-B821-62F55694D27E}.Ad-Hoc|x64.Build.0 = Release|x64
		{7E26A7D2-FC69-46E4-B821-62F55694D27E}.Ad-Hoc|x64.Deploy.0 = Release|x64
		{7E26A7D2-FC69-46E4-B821-62F55694D27E}.Ad-Hoc|x86.ActiveCfg = Release|x86
		{7E26A7D2-FC69-46E4-B821-62F55694D27E}.Ad-Hoc|x86.Build.0 = Release|x86
		{7E26A7D2-FC69-46E4-B821-62F55694D27E}.Ad-Hoc|x86.Deploy.0 = Release|x86
		{7E26A7D2-FC69-46E4-B821-62F55694D27E}.AppStore|Any CPU.ActiveCfg = Release|x86
		{7E26A7D2-FC69-46E4-B821-62F55694D27E}.AppStore|Any CPU.Build.0 = Release|x86
		{7E26A7D2-FC69-46E4-B821-62F55694D27E}.AppStore|Any CPU.Deploy.0 = Release|x86
		{7E26A7D2-FC69-46E4-B821-62F55694D27E}.AppStore|ARM.ActiveCfg = Release|ARM
		{7E26A7D2-FC69-46E4-B821-62F55694D27E}.AppStore|ARM.Build.0 = Release|ARM
		{7E26A7D2-FC69-46E4-B821-62F55694D27E}.AppStore|ARM.Deploy.0 = Release|ARM
		{7E26A7D2-FC69-46E4-B821-62F55694D27E}.AppStore|iPhone.ActiveCfg = Release|x86
		{7E26A7D2-FC69-46E4-B821-62F55694D27E}.AppStore|iPhone.Build.0 = Release|x86
		{7E26A7D2-FC69-46E4-B821-62F55694D27E}.AppStore|iPhone.Deploy.0 = Release|x86
		{7E26A7D2-FC69-46E4-B821-62F55694D27E}.AppStore|iPhoneSimulator.ActiveCfg = Release|x86
		{7E26A7D2-FC69-46E4-B821-62F55694D27E}.AppStore|iPhoneSimulator.Build.0 = Release|x86
		{7E26A7D2-FC69-46E4-B821-62F55694D27E}.AppStore|iPhoneSimulator.Deploy.0 = Release|x86
		{7E26A7D2-FC69-46E4-B821-62F55694D27E}.AppStore|x64.ActiveCfg = Release|x64
		{7E26A7D2-FC69-46E4-B821-62F55694D27E}.AppStore|x64.Build.0 = Release|x64
		{7E26A7D2-FC69-46E4-B821-62F55694D27E}.AppStore|x64.Deploy.0 = Release|x64
		{7E26A7D2-FC69-46E4-B821-62F55694D27E}.AppStore|x86.ActiveCfg = Release|x86
		{7E26A7D2-FC69-46E4-B821-62F55694D27E}.AppStore|x86.Build.0 = Release|x86
		{7E26A7D2-FC69-46E4-B821-62F55694D27E}.AppStore|x86.Deploy.0 = Release|x86
		{7E26A7D2-FC69-46E4-B821-62F55694D27E}.Debug|Any CPU.ActiveCfg = Debug|x86
		{7E26A7D2-FC69-46E4-B821-62F55694D27E}.Debug|Any CPU.Build.0 = Debug|x86
		{7E26A7D2-FC69-46E4-B821-62F55694D27E}.Debug|Any CPU.Deploy.0 = Debug|x86
		{7E26A7D2-FC69-46E4-B821-62F55694D27E}.Debug|ARM.ActiveCfg = Debug|ARM
		{7E26A7D2-FC69-46E4-B821-62F55694D27E}.Debug|ARM.Build.0 = Debug|ARM
		{7E26A7D2-FC69-46E4-B821-62F55694D27E}.Debug|ARM.Deploy.0 = Debug|ARM
		{7E26A7D2-FC69-46E4-B821-62F55694D27E}.Debug|iPhone.ActiveCfg = Debug|x86
		{7E26A7D2-FC69-46E4-B821-62F55694D27E}.Debug|iPhone.Build.0 = Debug|x86
		{7E26A7D2-FC69-46E4-B821-62F55694D27E}.Debug|iPhone.Deploy.0 = Debug|x86
		{7E26A7D2-FC69-46E4-B821-62F55694D27E}.Debug|iPhoneSimulator.ActiveCfg = Debug|x86
		{7E26A7D2-FC69-46E4-B821-62F55694D27E}.Debug|iPhoneSimulator.Build.0 = Debug|x86
		{7E26A7D2-FC69-46E4-B821-62F55694D27E}.Debug|iPhoneSimulator.Deploy.0 = Debug|x86
		{7E26A7D2-FC69-46E4-B821-62F55694D27E}.Debug|x64.ActiveCfg = Debug|x64
		{7E26A7D2-FC69-46E4-B821-62F55694D27E}.Debug|x64.Build.0 = Debug|x64
		{7E26A7D2-FC69-46E4-B821-62F55694D27E}.Debug|x64.Deploy.0 = Debug|x64
		{7E26A7D2-FC69-46E4-B821-62F55694D27E}.Debug|x86.ActiveCfg = Debug|x86
		{7E26A7D2-FC69-46E4-B821-62F55694D27E}.Debug|x86.Build.0 = Debug|x86
		{7E26A7D2-FC69-46E4-B821-62F55694D27E}.Debug|x86.Deploy.0 = Debug|x86
		{7E26A7D2-FC69-46E4-B821-62F55694D27E}.Release|Any CPU.ActiveCfg = Release|x86
		{7E26A7D2-FC69-46E4-B821-62F55694D27E}.Release|Any CPU.Build.0 = Release|x86
		{7E26A7D2-FC69-46E4-B821-62F55694D27E}.Release|Any CPU.Deploy.0 = Release|x86
		{7E26A7D2-FC69-46E4-B821-62F55694D27E}.Release|ARM.ActiveCfg = Release|ARM
		{7E26A7D2-FC69-46E4-B821-62F55694D27E}.Release|ARM.Build.0 = Release|ARM
		{7E26A7D2-FC69-46E4-B821-62F55694D27E}.Release|ARM.Deploy.0 = Release|ARM
		{7E26A7D2-FC69-46E4-B821-62F55694D27E}.Release|iPhone.ActiveCfg = Release|x86
		{7E26A7D2-FC69-46E4-B821-62F55694D27E}.Release|iPhone.Build.0 = Release|x86
		{7E26A7D2-FC69-46E4-B821-62F55694D27E}.Release|iPhone.Deploy.0 = Release|x86
		{7E26A7D2-FC69-46E4-B821-62F55694D27E}.Release|iPhoneSimulator.ActiveCfg = Release|x86
		{7E26A7D2-FC69-46E4-B821-62F55694D27E}.Release|iPhoneSimulator.Build.0 = Release|x86
		{7E26A7D2-FC69-46E4-B821-62F55694D27E}.Release|iPhoneSimulator.Deploy.0 = Release|x86
		{7E26A7D2-FC69-46E4-B821-62F55694D27E}.Release|x64.ActiveCfg = Release|x64
		{7E26A7D2-FC69-46E4-B821-62F55694D27E}.Release|x64.Build.0 = Release|x64
		{7E26A7D2-FC69-46E4-B821-62F55694D27E}.Release|x64.Deploy.0 = Release|x64
		{7E26A7D2-FC69-46E4-B821-62F55694D27E}.Release|x86.ActiveCfg = Release|x86
		{7E26A7D2-FC69-46E4-B821-62F55694D27E}.Release|x86.Build.0 = Release|x86
		{7E26A7D2-FC69-46E4-B821-62F55694D27E}.Release|x86.Deploy.0 = Release|x86
		{87333A79-6B2D-412C-9DF4-DCAEA2D4379C}.Ad-Hoc|Any CPU.ActiveCfg = Debug|Any CPU
		{87333A79-6B2D-412C-9DF4-DCAEA2D4379C}.Ad-Hoc|Any CPU.Build.0 = Debug|Any CPU
		{87333A79-6B2D-412C-9DF4-DCAEA2D4379C}.Ad-Hoc|Any CPU.Deploy.0 = Debug|Any CPU
		{87333A79-6B2D-412C-9DF4-DCAEA2D4379C}.Ad-Hoc|ARM.ActiveCfg = Debug|Any CPU
		{87333A79-6B2D-412C-9DF4-DCAEA2D4379C}.Ad-Hoc|ARM.Build.0 = Debug|Any CPU
		{87333A79-6B2D-412C-9DF4-DCAEA2D4379C}.Ad-Hoc|ARM.Deploy.0 = Debug|Any CPU
		{87333A79-6B2D-412C-9DF4-DCAEA2D4379C}.Ad-Hoc|iPhone.ActiveCfg = Debug|Any CPU
		{87333A79-6B2D-412C-9DF4-DCAEA2D4379C}.Ad-Hoc|iPhone.Build.0 = Debug|Any CPU
		{87333A79-6B2D-412C-9DF4-DCAEA2D4379C}.Ad-Hoc|iPhone.Deploy.0 = Debug|Any CPU
		{87333A79-6B2D-412C-9DF4-DCAEA2D4379C}.Ad-Hoc|iPhoneSimulator.ActiveCfg = Debug|Any CPU
		{87333A79-6B2D-412C-9DF4-DCAEA2D4379C}.Ad-Hoc|iPhoneSimulator.Build.0 = Debug|Any CPU
		{87333A79-6B2D-412C-9DF4-DCAEA2D4379C}.Ad-Hoc|iPhoneSimulator.Deploy.0 = Debug|Any CPU
		{87333A79-6B2D-412C-9DF4-DCAEA2D4379C}.Ad-Hoc|x64.ActiveCfg = Debug|Any CPU
		{87333A79-6B2D-412C-9DF4-DCAEA2D4379C}.Ad-Hoc|x64.Build.0 = Debug|Any CPU
		{87333A79-6B2D-412C-9DF4-DCAEA2D4379C}.Ad-Hoc|x64.Deploy.0 = Debug|Any CPU
		{87333A79-6B2D-412C-9DF4-DCAEA2D4379C}.Ad-Hoc|x86.ActiveCfg = Debug|Any CPU
		{87333A79-6B2D-412C-9DF4-DCAEA2D4379C}.Ad-Hoc|x86.Build.0 = Debug|Any CPU
		{87333A79-6B2D-412C-9DF4-DCAEA2D4379C}.Ad-Hoc|x86.Deploy.0 = Debug|Any CPU
		{87333A79-6B2D-412C-9DF4-DCAEA2D4379C}.AppStore|Any CPU.ActiveCfg = Debug|Any CPU
		{87333A79-6B2D-412C-9DF4-DCAEA2D4379C}.AppStore|Any CPU.Build.0 = Debug|Any CPU
		{87333A79-6B2D-412C-9DF4-DCAEA2D4379C}.AppStore|Any CPU.Deploy.0 = Debug|Any CPU
		{87333A79-6B2D-412C-9DF4-DCAEA2D4379C}.AppStore|ARM.ActiveCfg = Debug|Any CPU
		{87333A79-6B2D-412C-9DF4-DCAEA2D4379C}.AppStore|ARM.Build.0 = Debug|Any CPU
		{87333A79-6B2D-412C-9DF4-DCAEA2D4379C}.AppStore|ARM.Deploy.0 = Debug|Any CPU
		{87333A79-6B2D-412C-9DF4-DCAEA2D4379C}.AppStore|iPhone.ActiveCfg = Debug|Any CPU
		{87333A79-6B2D-412C-9DF4-DCAEA2D4379C}.AppStore|iPhone.Build.0 = Debug|Any CPU
		{87333A79-6B2D-412C-9DF4-DCAEA2D4379C}.AppStore|iPhone.Deploy.0 = Debug|Any CPU
		{87333A79-6B2D-412C-9DF4-DCAEA2D4379C}.AppStore|iPhoneSimulator.ActiveCfg = Debug|Any CPU
		{87333A79-6B2D-412C-9DF4-DCAEA2D4379C}.AppStore|iPhoneSimulator.Build.0 = Debug|Any CPU
		{87333A79-6B2D-412C-9DF4-DCAEA2D4379C}.AppStore|iPhoneSimulator.Deploy.0 = Debug|Any CPU
		{87333A79-6B2D-412C-9DF4-DCAEA2D4379C}.AppStore|x64.ActiveCfg = Debug|Any CPU
		{87333A79-6B2D-412C-9DF4-DCAEA2D4379C}.AppStore|x64.Build.0 = Debug|Any CPU
		{87333A79-6B2D-412C-9DF4-DCAEA2D4379C}.AppStore|x64.Deploy.0 = Debug|Any CPU
		{87333A79-6B2D-412C-9DF4-DCAEA2D4379C}.AppStore|x86.ActiveCfg = Debug|Any CPU
		{87333A79-6B2D-412C-9DF4-DCAEA2D4379C}.AppStore|x86.Build.0 = Debug|Any CPU
		{87333A79-6B2D-412C-9DF4-DCAEA2D4379C}.AppStore|x86.Deploy.0 = Debug|Any CPU
		{87333A79-6B2D-412C-9DF4-DCAEA2D4379C}.Debug|Any CPU.ActiveCfg = Debug|Any CPU
		{87333A79-6B2D-412C-9DF4-DCAEA2D4379C}.Debug|Any CPU.Build.0 = Debug|Any CPU
		{87333A79-6B2D-412C-9DF4-DCAEA2D4379C}.Debug|Any CPU.Deploy.0 = Debug|Any CPU
		{87333A79-6B2D-412C-9DF4-DCAEA2D4379C}.Debug|ARM.ActiveCfg = Debug|Any CPU
		{87333A79-6B2D-412C-9DF4-DCAEA2D4379C}.Debug|ARM.Build.0 = Debug|Any CPU
		{87333A79-6B2D-412C-9DF4-DCAEA2D4379C}.Debug|ARM.Deploy.0 = Debug|Any CPU
		{87333A79-6B2D-412C-9DF4-DCAEA2D4379C}.Debug|iPhone.ActiveCfg = Debug|Any CPU
		{87333A79-6B2D-412C-9DF4-DCAEA2D4379C}.Debug|iPhone.Build.0 = Debug|Any CPU
		{87333A79-6B2D-412C-9DF4-DCAEA2D4379C}.Debug|iPhone.Deploy.0 = Debug|Any CPU
		{87333A79-6B2D-412C-9DF4-DCAEA2D4379C}.Debug|iPhoneSimulator.ActiveCfg = Debug|Any CPU
		{87333A79-6B2D-412C-9DF4-DCAEA2D4379C}.Debug|iPhoneSimulator.Build.0 = Debug|Any CPU
		{87333A79-6B2D-412C-9DF4-DCAEA2D4379C}.Debug|iPhoneSimulator.Deploy.0 = Debug|Any CPU
		{87333A79-6B2D-412C-9DF4-DCAEA2D4379C}.Debug|x64.ActiveCfg = Debug|Any CPU
		{87333A79-6B2D-412C-9DF4-DCAEA2D4379C}.Debug|x64.Build.0 = Debug|Any CPU
		{87333A79-6B2D-412C-9DF4-DCAEA2D4379C}.Debug|x64.Deploy.0 = Debug|Any CPU
		{87333A79-6B2D-412C-9DF4-DCAEA2D4379C}.Debug|x86.ActiveCfg = Debug|Any CPU
		{87333A79-6B2D-412C-9DF4-DCAEA2D4379C}.Debug|x86.Build.0 = Debug|Any CPU
		{87333A79-6B2D-412C-9DF4-DCAEA2D4379C}.Debug|x86.Deploy.0 = Debug|Any CPU
		{87333A79-6B2D-412C-9DF4-DCAEA2D4379C}.Release|Any CPU.ActiveCfg = Release|Any CPU
		{87333A79-6B2D-412C-9DF4-DCAEA2D4379C}.Release|Any CPU.Build.0 = Release|Any CPU
		{87333A79-6B2D-412C-9DF4-DCAEA2D4379C}.Release|Any CPU.Deploy.0 = Release|Any CPU
		{87333A79-6B2D-412C-9DF4-DCAEA2D4379C}.Release|ARM.ActiveCfg = Release|Any CPU
		{87333A79-6B2D-412C-9DF4-DCAEA2D4379C}.Release|ARM.Build.0 = Release|Any CPU
		{87333A79-6B2D-412C-9DF4-DCAEA2D4379C}.Release|ARM.Deploy.0 = Release|Any CPU
		{87333A79-6B2D-412C-9DF4-DCAEA2D4379C}.Release|iPhone.ActiveCfg = Release|Any CPU
		{87333A79-6B2D-412C-9DF4-DCAEA2D4379C}.Release|iPhone.Build.0 = Release|Any CPU
		{87333A79-6B2D-412C-9DF4-DCAEA2D4379C}.Release|iPhone.Deploy.0 = Release|Any CPU
		{87333A79-6B2D-412C-9DF4-DCAEA2D4379C}.Release|iPhoneSimulator.ActiveCfg = Release|Any CPU
		{87333A79-6B2D-412C-9DF4-DCAEA2D4379C}.Release|iPhoneSimulator.Build.0 = Release|Any CPU
		{87333A79-6B2D-412C-9DF4-DCAEA2D4379C}.Release|iPhoneSimulator.Deploy.0 = Release|Any CPU
		{87333A79-6B2D-412C-9DF4-DCAEA2D4379C}.Release|x64.ActiveCfg = Release|Any CPU
		{87333A79-6B2D-412C-9DF4-DCAEA2D4379C}.Release|x64.Build.0 = Release|Any CPU
		{87333A79-6B2D-412C-9DF4-DCAEA2D4379C}.Release|x64.Deploy.0 = Release|Any CPU
		{87333A79-6B2D-412C-9DF4-DCAEA2D4379C}.Release|x86.ActiveCfg = Release|Any CPU
		{87333A79-6B2D-412C-9DF4-DCAEA2D4379C}.Release|x86.Build.0 = Release|Any CPU
		{87333A79-6B2D-412C-9DF4-DCAEA2D4379C}.Release|x86.Deploy.0 = Release|Any CPU
	EndGlobalSection
	GlobalSection(SolutionProperties) = preSolution
		HideSolutionNode = FALSE
	EndGlobalSection
	GlobalSection(ExtensibilityGlobals) = postSolution
		SolutionGuid = {6EC3759F-8C94-4534-B9C8-575CA000C3FB}
	EndGlobalSection
EndGlobal
